
Microsoft Visual Studio Solution File, Format Version 12.00
# Visual Studio Version 16
VisualStudioVersion = 16.0.30114.105
MinimumVisualStudioVersion = 10.0.40219.1
Project("{FAE04EC0-301F-11D3-BF4B-00C04F79EFBC}") = "EasyFileCleanerUI", "EasyFileCleanerUI\EasyFileCleanerUI.csproj", "{5EAF5BB4-12D8-495A-9550-A97DE99245D7}"
EndProject
Project("{FAE04EC0-301F-11D3-BF4B-00C04F79EFBC}") = "EasyFileCleanerLib", "EasyFileCleanerLib\EasyFileCleanerLib.csproj", "{54C0EA15-B160-47B5-B7B5-EAEA2761E3C6}"
EndProject
Project("{FAE04EC0-301F-11D3-BF4B-00C04F79EFBC}") = "EasyFileCleanerLibTest", "EasyFileCleanerLibTest\EasyFileCleanerLibTest.csproj", "{BE1F333C-F903-4011-89D9-ABC75F3DDF9D}"
EndProject
Global
	GlobalSection(SolutionConfigurationPlatforms) = preSolution
		Debug|Any CPU = Debug|Any CPU
		Release|Any CPU = Release|Any CPU
	EndGlobalSection
	GlobalSection(ProjectConfigurationPlatforms) = postSolution
		{5EAF5BB4-12D8-495A-9550-A97DE99245D7}.Debug|Any CPU.ActiveCfg = Debug|Any CPU
		{5EAF5BB4-12D8-495A-9550-A97DE99245D7}.Debug|Any CPU.Build.0 = Debug|Any CPU
		{5EAF5BB4-12D8-495A-9550-A97DE99245D7}.Release|Any CPU.ActiveCfg = Release|Any CPU
		{5EAF5BB4-12D8-495A-9550-A97DE99245D7}.Release|Any CPU.Build.0 = Release|Any CPU
		{54C0EA15-B160-47B5-B7B5-EAEA2761E3C6}.Debug|Any CPU.ActiveCfg = Debug|Any CPU
		{54C0EA15-B160-47B5-B7B5-EAEA2761E3C6}.Debug|Any CPU.Build.0 = Debug|Any CPU
		{54C0EA15-B160-47B5-B7B5-EAEA2761E3C6}.Release|Any CPU.ActiveCfg = Release|Any CPU
		{54C0EA15-B160-47B5-B7B5-EAEA2761E3C6}.Release|Any CPU.Build.0 = Release|Any CPU
		{BE1F333C-F903-4011-89D9-ABC75F3DDF9D}.Debug|Any CPU.ActiveCfg = Debug|Any CPU
		{BE1F333C-F903-4011-89D9-ABC75F3DDF9D}.Debug|Any CPU.Build.0 = Debug|Any CPU
		{BE1F333C-F903-4011-89D9-ABC75F3DDF9D}.Release|Any CPU.ActiveCfg = Release|Any CPU
		{BE1F333C-F903-4011-89D9-ABC75F3DDF9D}.Release|Any CPU.Build.0 = Release|Any CPU
	EndGlobalSection
	GlobalSection(SolutionProperties) = preSolution
		HideSolutionNode = FALSE
	EndGlobalSection
	GlobalSection(ExtensibilityGlobals) = postSolution
		SolutionGuid = {A94AC051-F0A1-48F8-84EB-E9AA8D23734F}
	EndGlobalSection
EndGlobal
